
Microsoft Visual Studio Solution File, Format Version 12.00
# Visual Studio Version 17
VisualStudioVersion = 17.11.35219.272
MinimumVisualStudioVersion = 10.0.40219.1
Project("{9A19103F-16F7-4668-BE54-9A1E7A4F7556}") = "DungeonDweller", "DungeonDweller.csproj", "{F4F75CE2-CAE7-4F47-BF0F-03B89F2F5E8D}"
EndProject
Project("{FAE04EC0-301F-11D3-BF4B-00C04F79EFBC}") = "TiledExtension", "..\TiledExtension\TiledExtension.csproj", "{C1A96425-97CD-4D36-8A2F-9C75D34AE363}"
EndProject
Global
	GlobalSection(SolutionConfigurationPlatforms) = preSolution
		Debug|Any CPU = Debug|Any CPU
		Release|Any CPU = Release|Any CPU
	EndGlobalSection
	GlobalSection(ProjectConfigurationPlatforms) = postSolution
		{F4F75CE2-CAE7-4F47-BF0F-03B89F2F5E8D}.Debug|Any CPU.ActiveCfg = Debug|Any CPU
		{F4F75CE2-CAE7-4F47-BF0F-03B89F2F5E8D}.Debug|Any CPU.Build.0 = Debug|Any CPU
		{F4F75CE2-CAE7-4F47-BF0F-03B89F2F5E8D}.Release|Any CPU.ActiveCfg = Release|Any CPU
		{F4F75CE2-CAE7-4F47-BF0F-03B89F2F5E8D}.Release|Any CPU.Build.0 = Release|Any CPU
		{C1A96425-97CD-4D36-8A2F-9C75D34AE363}.Debug|Any CPU.ActiveCfg = Debug|Any CPU
		{C1A96425-97CD-4D36-8A2F-9C75D34AE363}.Debug|Any CPU.Build.0 = Debug|Any CPU
		{C1A96425-97CD-4D36-8A2F-9C75D34AE363}.Release|Any CPU.ActiveCfg = Release|Any CPU
		{C1A96425-97CD-4D36-8A2F-9C75D34AE363}.Release|Any CPU.Build.0 = Release|Any CPU
	EndGlobalSection
	GlobalSection(SolutionProperties) = preSolution
		HideSolutionNode = FALSE
	EndGlobalSection
	GlobalSection(ExtensibilityGlobals) = postSolution
		SolutionGuid = {C17B4EEC-9EDB-4F17-A7E0-F0116404107B}
	EndGlobalSection
EndGlobal
